
Microsoft Visual Studio Solution File, Format Version 12.00
# Visual Studio Version 17
VisualStudioVersion = 17.8.34330.188
MinimumVisualStudioVersion = 10.0.40219.1
Project("{9A19103F-16F7-4668-BE54-9A1E7A4F7556}") = "StockProgram_API", "StockProgram\StockProgram_API.csproj", "{FBA725E7-2358-460D-85DB-13702E49B18A}"
EndProject
Project("{9A19103F-16F7-4668-BE54-9A1E7A4F7556}") = "StockProgram_Application", "StockProgram_Application\StockProgram_Application.csproj", "{CBDD8590-9A51-491F-8662-B0A409A756DB}"
EndProject
Project("{9A19103F-16F7-4668-BE54-9A1E7A4F7556}") = "StockProgram_Domain", "StockProgram_Domain\StockProgram_Domain.csproj", "{12272E13-58E7-4609-AF2C-D885DFD04781}"
EndProject
Project("{9A19103F-16F7-4668-BE54-9A1E7A4F7556}") = "StockProgram_Infrastructure", "StockProgram_Infrastructure\StockProgram_Infrastructure.csproj", "{32E27D7D-5E5C-4207-BAE8-0C54275E2C2A}"
EndProject
Global
	GlobalSection(SolutionConfigurationPlatforms) = preSolution
		Debug|Any CPU = Debug|Any CPU
		Release|Any CPU = Release|Any CPU
	EndGlobalSection
	GlobalSection(ProjectConfigurationPlatforms) = postSolution
		{FBA725E7-2358-460D-85DB-13702E49B18A}.Debug|Any CPU.ActiveCfg = Debug|Any CPU
		{FBA725E7-2358-460D-85DB-13702E49B18A}.Debug|Any CPU.Build.0 = Debug|Any CPU
		{FBA725E7-2358-460D-85DB-13702E49B18A}.Release|Any CPU.ActiveCfg = Release|Any CPU
		{FBA725E7-2358-460D-85DB-13702E49B18A}.Release|Any CPU.Build.0 = Release|Any CPU
		{CBDD8590-9A51-491F-8662-B0A409A756DB}.Debug|Any CPU.ActiveCfg = Debug|Any CPU
		{CBDD8590-9A51-491F-8662-B0A409A756DB}.Debug|Any CPU.Build.0 = Debug|Any CPU
		{CBDD8590-9A51-491F-8662-B0A409A756DB}.Release|Any CPU.ActiveCfg = Release|Any CPU
		{CBDD8590-9A51-491F-8662-B0A409A756DB}.Release|Any CPU.Build.0 = Release|Any CPU
		{12272E13-58E7-4609-AF2C-D885DFD04781}.Debug|Any CPU.ActiveCfg = Debug|Any CPU
		{12272E13-58E7-4609-AF2C-D885DFD04781}.Debug|Any CPU.Build.0 = Debug|Any CPU
		{12272E13-58E7-4609-AF2C-D885DFD04781}.Release|Any CPU.ActiveCfg = Release|Any CPU
		{12272E13-58E7-4609-AF2C-D885DFD04781}.Release|Any CPU.Build.0 = Release|Any CPU
		{32E27D7D-5E5C-4207-BAE8-0C54275E2C2A}.Debug|Any CPU.ActiveCfg = Debug|Any CPU
		{32E27D7D-5E5C-4207-BAE8-0C54275E2C2A}.Debug|Any CPU.Build.0 = Debug|Any CPU
		{32E27D7D-5E5C-4207-BAE8-0C54275E2C2A}.Release|Any CPU.ActiveCfg = Release|Any CPU
		{32E27D7D-5E5C-4207-BAE8-0C54275E2C2A}.Release|Any CPU.Build.0 = Release|Any CPU
	EndGlobalSection
	GlobalSection(SolutionProperties) = preSolution
		HideSolutionNode = FALSE
	EndGlobalSection
	GlobalSection(ExtensibilityGlobals) = postSolution
		SolutionGuid = {84AA8545-57FF-4E9C-8B2D-688EC01F503C}
	EndGlobalSection
EndGlobal
